
Microsoft Visual Studio Solution File, Format Version 12.00
# Visual Studio Version 17
VisualStudioVersion = 17.9.34616.47
MinimumVisualStudioVersion = 10.0.40219.1
Project("{FAE04EC0-301F-11D3-BF4B-00C04F79EFBC}") = "eTickets", "eTickets\eTickets.csproj", "{36145223-B518-41D7-A69C-C5214845B43E}"
EndProject
Global
	GlobalSection(SolutionConfigurationPlatforms) = preSolution
		Debug|Any CPU = Debug|Any CPU
		Release|Any CPU = Release|Any CPU
	EndGlobalSection
	GlobalSection(ProjectConfigurationPlatforms) = postSolution
		{36145223-B518-41D7-A69C-C5214845B43E}.Debug|Any CPU.ActiveCfg = Debug|Any CPU
		{36145223-B518-41D7-A69C-C5214845B43E}.Debug|Any CPU.Build.0 = Debug|Any CPU
		{36145223-B518-41D7-A69C-C5214845B43E}.Release|Any CPU.ActiveCfg = Release|Any CPU
		{36145223-B518-41D7-A69C-C5214845B43E}.Release|Any CPU.Build.0 = Release|Any CPU
	EndGlobalSection
	GlobalSection(SolutionProperties) = preSolution
		HideSolutionNode = FALSE
	EndGlobalSection
	GlobalSection(ExtensibilityGlobals) = postSolution
		SolutionGuid = {F46DC934-5EA6-402B-8BEE-2C939430AB53}
	EndGlobalSection
EndGlobal
